// !$*UTF8*$!
{
	archiveVersion = 1;
	classes = {
	};
	objectVersion = 46;
	objects = {

/* Begin PBXBuildFile section */
		840D2FE51D90D08800ED0CC6 /* AppDelegate.swift in Sources */ = {isa = PBXBuildFile; fileRef = 840D2FE41D90D08800ED0CC6 /* AppDelegate.swift */; };
		840D2FE71D90D08800ED0CC6 /* ViewController.swift in Sources */ = {isa = PBXBuildFile; fileRef = 840D2FE61D90D08800ED0CC6 /* ViewController.swift */; };
		840D2FEA1D90D08800ED0CC6 /* Main.storyboard in Resources */ = {isa = PBXBuildFile; fileRef = 840D2FE81D90D08800ED0CC6 /* Main.storyboard */; };
		840D2FEC1D90D08800ED0CC6 /* Assets.xcassets in Resources */ = {isa = PBXBuildFile; fileRef = 840D2FEB1D90D08800ED0CC6 /* Assets.xcassets */; };
		840D2FEF1D90D08800ED0CC6 /* LaunchScreen.storyboard in Resources */ = {isa = PBXBuildFile; fileRef = 840D2FED1D90D08800ED0CC6 /* LaunchScreen.storyboard */; };
/* End PBXBuildFile section */

/* Begin PBXFileReference section */
		840D2FE11D90D08800ED0CC6 /* GitDemoe.app */ = {isa = PBXFileReference; explicitFileType = wrapper.application; includeInIndex = 0; path = GitDemoe.app; sourceTree = BUILT_PRODUCTS_DIR; };
		840D2FE41D90D08800ED0CC6 /* AppDelegate.swift */ = {isa = PBXFileReference; lastKnownFileType = sourcecode.swift; path = AppDelegate.swift; sourceTree = "<group>"; };
		840D2FE61D90D08800ED0CC6 /* ViewController.swift */ = {isa = PBXFileReference; lastKnownFileType = sourcecode.swift; path = ViewController.swift; sourceTree = "<group>"; };
		840D2FE91D90D08800ED0CC6 /* Base */ = {isa = PBXFileReference; lastKnownFileType = file.storyboard; name = Base; path = Base.lproj/Main.storyboard; sourceTree = "<group>"; };
		840D2FEB1D90D08800ED0CC6 /* Assets.xcassets */ = {isa = PBXFileReference; lastKnownFileType = folder.assetcatalog; path = Assets.xcassets; sourceTree = "<group>"; };
		840D2FEE1D90D08800ED0CC6 /* Base */ = {isa = PBXFileReference; lastKnownFileType = file.storyboard; name = Base; path = Base.lproj/LaunchScreen.storyboard; sourceTree = "<group>"; };
		840D2FF01D90D08800ED0CC6 /* Info.plist */ = {isa = PBXFileReference; lastKnownFileType = text.plist.xml; path = Info.plist; sourceTree = "<group>"; };
/* End PBXFileReference section */

/* Begin PBXFrameworksBuildPhase section */
		840D2FDE1D90D08800ED0CC6 /* Frameworks */ = {
			isa = PBXFrameworksBuildPhase;
			buildActionMask = 2147483647;
			files = (
			);
			runOnlyForDeploymentPostprocessing = 0;
		};
/* End PBXFrameworksBuildPhase section */

/* Begin PBXGroup section */
		840D2FD81D90D08800ED0CC6 = {
			isa = PBXGroup;
			children = (
				840D2FE31D90D08800ED0CC6 /* GitDemoe */,
				840D2FE21D90D08800ED0CC6 /* Products */,
			);
			sourceTree = "<group>";
		};
		840D2FE21D90D08800ED0CC6 /* Products */ = {
			isa = PBXGroup;
			children = (
				840D2FE11D90D08800ED0CC6 /* GitDemoe.app */,
			);
			name = Products;
			sourceTree = "<group>";
		};
		840D2FE31D90D08800ED0CC6 /* GitDemoe */ = {
			isa = PBXGroup;
			children = (
				840D2FE41D90D08800ED0CC6 /* AppDelegate.swift */,
				840D2FE61D90D08800ED0CC6 /* ViewController.swift */,
				840D2FE81D90D08800ED0CC6 /* Main.storyboard */,
				840D2FEB1D90D08800ED0CC6 /* Assets.xcassets */,
				840D2FED1D90D08800ED0CC6 /* LaunchScreen.storyboard */,
				840D2FF01D90D08800ED0CC6 /* Info.plist */,
			);
			path = GitDemoe;
			sourceTree = "<group>";
		};
/* End PBXGroup section */

/* Begin PBXNativeTarget section */
		840D2FE01D90D08800ED0CC6 /* GitDemoe */ = {
			isa = PBXNativeTarget;
			buildConfigurationList = 840D2FF31D90D08800ED0CC6 /* Build configuration list for PBXNativeTarget "GitDemoe" */;
			buildPhases = (
				840D2FDD1D90D08800ED0CC6 /* Sources */,
				840D2FDE1D90D08800ED0CC6 /* Frameworks */,
				840D2FDF1D90D08800ED0CC6 /* Resources */,
			);
			buildRules = (
			);
			dependencies = (
			);
			name = GitDemoe;
			productName = GitDemoe;
			productReference = 840D2FE11D90D08800ED0CC6 /* GitDemoe.app */;
			productType = "com.apple.product-type.application";
		};
/* End PBXNativeTarget section */

/* Begin PBXProject section */
		840D2FD91D90D08800ED0CC6 /* Project object */ = {
			isa = PBXProject;
			attributes = {
				LastSwiftUpdateCheck = 0730;
				LastUpgradeCheck = 0730;
				ORGANIZATIONNAME = "夏婷";
				TargetAttributes = {
					840D2FE01D90D08800ED0CC6 = {
						CreatedOnToolsVersion = 7.3.1;
					};
				};
			};
			buildConfigurationList = 840D2FDC1D90D08800ED0CC6 /* Build configuration list for PBXProject "GitDemoe" */;
			compatibilityVersion = "Xcode 3.2";
			developmentRegion = English;
			hasScannedForEncodings = 0;
			knownRegions = (
				en,
				Base,
			);
			mainGroup = 840D2FD81D90D08800ED0CC6;
			productRefGroup = 840D2FE21D90D08800ED0CC6 /* Products */;
			projectDirPath = "";
			projectRoot = "";
			targets = (
				840D2FE01D90D08800ED0CC6 /* GitDemoe */,
			);
		};
/* End PBXProject section */

/* Begin PBXResourcesBuildPhase section */
		840D2FDF1D90D08800ED0CC6 /* Resources */ = {
			isa = PBXResourcesBuildPhase;
			buildActionMask = 2147483647;
			files = (
				840D2FEF1D90D08800ED0CC6 /* LaunchScreen.storyboard in Resources */,
				840D2FEC1D90D08800ED0CC6 /* Assets.xcassets in Resources */,
				840D2FEA1D90D08800ED0CC6 /* Main.storyboard in Resources */,
			);
			runOnlyForDeploymentPostprocessing = 0;
		};
/* End PBXResourcesBuildPhase section */

/* Begin PBXSourcesBuildPhase section */
		840D2FDD1D90D08800ED0CC6 /* Sources */ = {
			isa = PBXSourcesBuildPhase;
			buildActionMask = 2147483647;
			files = (
				840D2FE71D90D08800ED0CC6 /* ViewController.swift in Sources */,
				840D2FE51D90D08800ED0CC6 /* AppDelegate.swift in Sources */,
			);
			runOnlyForDeploymentPostprocessing = 0;
		};
/* End PBXSourcesBuildPhase section */

/* Begin PBXVariantGroup section */
		840D2FE81D90D08800ED0CC6 /* Main.storyboard */ = {
			isa = PBXVariantGroup;
			children = (
				840D2FE91D90D08800ED0CC6 /* Base */,
			);
			name = Main.storyboard;
			sourceTree = "<group>";
		};
		840D2FED1D90D08800ED0CC6 /* LaunchScreen.storyboard */ = {
			isa = PBXVariantGroup;
			children = (
				840D2FEE1D90D08800ED0CC6 /* Base */,
			);
			name = LaunchScreen.storyboard;
			sourceTree = "<group>";
		};
/* End PBXVariantGroup section */

/* Begin XCBuildConfiguration section */
		840D2FF11D90D08800ED0CC6 /* Debug */ = {
			isa = XCBuildConfiguration;
			buildSettings = {
				ALWAYS_SEARCH_USER_PATHS = NO;
				CLANG_ANALYZER_NONNULL = YES;
				CLANG_CXX_LANGUAGE_STANDARD = "gnu++0x";
				CLANG_CXX_LIBRARY = "libc++";
				CLANG_ENABLE_MODULES = YES;
				CLANG_ENABLE_OBJC_ARC = YES;
				CLANG_WARN_BOOL_CONVERSION = YES;
				CLANG_WARN_CONSTANT_CONVERSION = YES;
				CLANG_WARN_DIRECT_OBJC_ISA_USAGE = YES_ERROR;
				CLANG_WARN_EMPTY_BODY = YES;
				CLANG_WARN_ENUM_CONVERSION = YES;
				CLANG_WARN_INT_CONVERSION = YES;
				CLANG_WARN_OBJC_ROOT_CLASS = YES_ERROR;
				CLANG_WARN_UNREACHABLE_CODE = YES;
				CLANG_WARN__DUPLICATE_METHOD_MATCH = YES;
				"CODE_SIGN_IDENTITY[sdk=iphoneos*]" = "iPhone Developer";
				COPY_PHASE_STRIP = NO;
				DEBUG_INFORMATION_FORMAT = dwarf;
				ENABLE_STRICT_OBJC_MSGSEND = YES;
				ENABLE_TESTABILITY = YES;
				GCC_C_LANGUAGE_STANDARD = gnu99;
				GCC_DYNAMIC_NO_PIC = NO;
				GCC_NO_COMMON_BLOCKS = YES;
				GCC_OPTIMIZATION_LEVEL = 0;
				GCC_PREPROCESSOR_DEFINITIONS = (
					"DEBUG=1",
					"$(inherited)",
				);
				GCC_WARN_64_TO_32_BIT_CONVERSION = YES;
				GCC_WARN_ABOUT_RETURN_TYPE = YES_ERROR;
				GCC_WARN_UNDECLARED_SELECTOR = YES;
				GCC_WARN_UNINITIALIZED_AUTOS = YES_AGGRESSIVE;
				GCC_WARN_UNUSED_FUNCTION = YES;
				GCC_WARN_UNUSED_VARIABLE = YES;
				IPHONEOS_DEPLOYMENT_TARGET = 9.3;
				MTL_ENABLE_DEBUG_INFO = YES;
				ONLY_ACTIVE_ARCH = YES;
				SDKROOT = iphoneos;
				SWIFT_OPTIMIZATION_LEVEL = "-Onone";
			};
			name = Debug;
		};
		840D2FF21D90D08800ED0CC6 /* Release */ = {
			isa = XCBuildConfiguration;
			buildSettings = {
				ALWAYS_SEARCH_USER_PATHS = NO;
				CLANG_ANALYZER_NONNULL = YES;
				CLANG_CXX_LANGUAGE_STANDARD = "gnu++0x";
				CLANG_CXX_LIBRARY = "libc++";
				CLANG_ENABLE_MODULES = YES;
				CLANG_ENABLE_OBJC_ARC = YES;
				CLANG_WARN_BOOL_CONVERSION = YES;
				CLANG_WARN_CONSTANT_CONVERSION = YES;
				CLANG_WARN_DIRECT_OBJC_ISA_USAGE = YES_ERROR;
				CLANG_WARN_EMPTY_BODY = YES;
				CLANG_WARN_ENUM_CONVERSION = YES;
				CLANG_WARN_INT_CONVERSION = YES;
				CLANG_WARN_OBJC_ROOT_CLASS = YES_ERROR;
				CLANG_WARN_UNREACHABLE_CODE = YES;
				CLANG_WARN__DUPLICATE_METHOD_MATCH = YES;
				"CODE_SIGN_IDENTITY[sdk=iphoneos*]" = "iPhone Developer";
				COPY_PHASE_STRIP = NO;
				DEBUG_INFORMATION_FORMAT = "dwarf-with-dsym";
				ENABLE_NS_ASSERTIONS = NO;
				ENABLE_STRICT_OBJC_MSGSEND = YES;
				GCC_C_LANGUAGE_STANDARD = gnu99;
				GCC_NO_COMMON_BLOCKS = YES;
				GCC_WARN_64_TO_32_BIT_CONVERSION = YES;
				GCC_WARN_ABOUT_RETURN_TYPE = YES_ERROR;
				GCC_WARN_UNDECLARED_SELECTOR = YES;
				GCC_WARN_UNINITIALIZED_AUTOS = YES_AGGRESSIVE;
				GCC_WARN_UNUSED_FUNCTION = YES;
				GCC_WARN_UNUSED_VARIABLE = YES;
				IPHONEOS_DEPLOYMENT_TARGET = 9.3;
				MTL_ENABLE_DEBUG_INFO = NO;
				SDKROOT = iphoneos;
				VALIDATE_PRODUCT = YES;
			};
			name = Release;
		};
		840D2FF41D90D08800ED0CC6 /* Debug */ = {
			isa = XCBuildConfiguration;
			buildSettings = {
				ASSETCATALOG_COMPILER_APPICON_NAME = AppIcon;
				INFOPLIST_FILE = GitDemoe/Info.plist;
				LD_RUNPATH_SEARCH_PATHS = "$(inherited) @executable_path/Frameworks";
				PRODUCT_BUNDLE_IDENTIFIER = com.QF.GitDemoe;
				PRODUCT_NAME = "$(TARGET_NAME)";
			};
			name = Debug;
		};
		840D2FF51D90D08800ED0CC6 /* Release */ = {
			isa = XCBuildConfiguration;
			buildSettings = {
				ASSETCATALOG_COMPILER_APPICON_NAME = AppIcon;
				INFOPLIST_FILE = GitDemoe/Info.plist;
				LD_RUNPATH_SEARCH_PATHS = "$(inherited) @executable_path/Frameworks";
				PRODUCT_BUNDLE_IDENTIFIER = com.QF.GitDemoe;
				PRODUCT_NAME = "$(TARGET_NAME)";
			};
			name = Release;
		};
/* End XCBuildConfiguration section */

/* Begin XCConfigurationList section */
		840D2FDC1D90D08800ED0CC6 /* Build configuration list for PBXProject "GitDemoe" */ = {
			isa = XCConfigurationList;
			buildConfigurations = (
				840D2FF11D90D08800ED0CC6 /* Debug */,
				840D2FF21D90D08800ED0CC6 /* Release */,
			);
			defaultConfigurationIsVisible = 0;
			defaultConfigurationName = Release;
		};
		840D2FF31D90D08800ED0CC6 /* Build configuration list for PBXNativeTarget "GitDemoe" */ = {
			isa = XCConfigurationList;
			buildConfigurations = (
				840D2FF41D90D08800ED0CC6 /* Debug */,
				840D2FF51D90D08800ED0CC6 /* Release */,
			);
			defaultConfigurationIsVisible = 0;
		};
/* End XCConfigurationList section */
	};
	rootObject = 840D2FD91D90D08800ED0CC6 /* Project object */;
}
